// !$*UTF8*$!
{
	archiveVersion = 1;
	classes = {
	};
	objectVersion = 46;
	objects = {

/* Begin PBXBuildFile section */
		D99B69EB139B399A00808AC0 /* UIKit.framework in Frameworks */ = {isa = PBXBuildFile; fileRef = D99B69EA139B399A00808AC0 /* UIKit.framework */; };
		D99B69ED139B399A00808AC0 /* Foundation.framework in Frameworks */ = {isa = PBXBuildFile; fileRef = D99B69EC139B399A00808AC0 /* Foundation.framework */; };
		D99B69EF139B399A00808AC0 /* CoreGraphics.framework in Frameworks */ = {isa = PBXBuildFile; fileRef = D99B69EE139B399A00808AC0 /* CoreGraphics.framework */; };
		D99B69F5139B399A00808AC0 /* InfoPlist.strings in Resources */ = {isa = PBXBuildFile; fileRef = D99B69F3139B399A00808AC0 /* InfoPlist.strings */; };
		D99B69F8139B399A00808AC0 /* main.m in Sources */ = {isa = PBXBuildFile; fileRef = D99B69F7139B399A00808AC0 /* main.m */; };
		D99B69FB139B399A00808AC0 /* animate_testAppDelegate.m in Sources */ = {isa = PBXBuildFile; fileRef = D99B69FA139B399A00808AC0 /* animate_testAppDelegate.m */; };
		D99B69FE139B399A00808AC0 /* MainWindow.xib in Resources */ = {isa = PBXBuildFile; fileRef = D99B69FC139B399A00808AC0 /* MainWindow.xib */; };
		D99B6A01139B399A00808AC0 /* animate_testViewController.m in Sources */ = {isa = PBXBuildFile; fileRef = D99B6A00139B399A00808AC0 /* animate_testViewController.m */; };
		D99B6A04139B399A00808AC0 /* animate_testViewController.xib in Resources */ = {isa = PBXBuildFile; fileRef = D99B6A02139B399A00808AC0 /* animate_testViewController.xib */; };
		D99B6A0E139B3A6A00808AC0 /* paper.png in Resources */ = {isa = PBXBuildFile; fileRef = D99B6A0B139B3A6A00808AC0 /* paper.png */; };
		D99B6A0F139B3A6A00808AC0 /* spotlight.png in Resources */ = {isa = PBXBuildFile; fileRef = D99B6A0C139B3A6A00808AC0 /* spotlight.png */; };
		D99B6A10139B3A6A00808AC0 /* wrench.png in Resources */ = {isa = PBXBuildFile; fileRef = D99B6A0D139B3A6A00808AC0 /* wrench.png */; };
		D99B6A12139B3A9F00808AC0 /* QuartzCore.framework in Frameworks */ = {isa = PBXBuildFile; fileRef = D99B6A11139B3A9F00808AC0 /* QuartzCore.framework */; };
/* End PBXBuildFile section */

/* Begin PBXFileReference section */
		D99B69E6139B399A00808AC0 /* animate-test.app */ = {isa = PBXFileReference; explicitFileType = wrapper.application; includeInIndex = 0; path = "animate-test.app"; sourceTree = BUILT_PRODUCTS_DIR; };
		D99B69EA139B399A00808AC0 /* UIKit.framework */ = {isa = PBXFileReference; lastKnownFileType = wrapper.framework; name = UIKit.framework; path = System/Library/Frameworks/UIKit.framework; sourceTree = SDKROOT; };
		D99B69EC139B399A00808AC0 /* Foundation.framework */ = {isa = PBXFileReference; lastKnownFileType = wrapper.framework; name = Foundation.framework; path = System/Library/Frameworks/Foundation.framework; sourceTree = SDKROOT; };
		D99B69EE139B399A00808AC0 /* CoreGraphics.framework */ = {isa = PBXFileReference; lastKnownFileType = wrapper.framework; name = CoreGraphics.framework; path = System/Library/Frameworks/CoreGraphics.framework; sourceTree = SDKROOT; };
		D99B69F2139B399A00808AC0 /* animate-test-Info.plist */ = {isa = PBXFileReference; lastKnownFileType = text.plist.xml; path = "animate-test-Info.plist"; sourceTree = "<group>"; };
		D99B69F4139B399A00808AC0 /* en */ = {isa = PBXFileReference; lastKnownFileType = text.plist.strings; name = en; path = en.lproj/InfoPlist.strings; sourceTree = "<group>"; };
		D99B69F6139B399A00808AC0 /* animate-test-Prefix.pch */ = {isa = PBXFileReference; lastKnownFileType = sourcecode.c.h; path = "animate-test-Prefix.pch"; sourceTree = "<group>"; };
		D99B69F7139B399A00808AC0 /* main.m */ = {isa = PBXFileReference; lastKnownFileType = sourcecode.c.objc; path = main.m; sourceTree = "<group>"; };
		D99B69F9139B399A00808AC0 /* animate_testAppDelegate.h */ = {isa = PBXFileReference; lastKnownFileType = sourcecode.c.h; path = animate_testAppDelegate.h; sourceTree = "<group>"; };
		D99B69FA139B399A00808AC0 /* animate_testAppDelegate.m */ = {isa = PBXFileReference; lastKnownFileType = sourcecode.c.objc; path = animate_testAppDelegate.m; sourceTree = "<group>"; };
		D99B69FD139B399A00808AC0 /* en */ = {isa = PBXFileReference; lastKnownFileType = file.xib; name = en; path = en.lproj/MainWindow.xib; sourceTree = "<group>"; };
		D99B69FF139B399A00808AC0 /* animate_testViewController.h */ = {isa = PBXFileReference; lastKnownFileType = sourcecode.c.h; path = animate_testViewController.h; sourceTree = "<group>"; };
		D99B6A00139B399A00808AC0 /* animate_testViewController.m */ = {isa = PBXFileReference; lastKnownFileType = sourcecode.c.objc; path = animate_testViewController.m; sourceTree = "<group>"; };
		D99B6A03139B399A00808AC0 /* en */ = {isa = PBXFileReference; lastKnownFileType = file.xib; name = en; path = en.lproj/animate_testViewController.xib; sourceTree = "<group>"; };
		D99B6A0B139B3A6A00808AC0 /* paper.png */ = {isa = PBXFileReference; lastKnownFileType = image.png; path = paper.png; sourceTree = "<group>"; };
		D99B6A0C139B3A6A00808AC0 /* spotlight.png */ = {isa = PBXFileReference; lastKnownFileType = image.png; path = spotlight.png; sourceTree = "<group>"; };
		D99B6A0D139B3A6A00808AC0 /* wrench.png */ = {isa = PBXFileReference; lastKnownFileType = image.png; path = wrench.png; sourceTree = "<group>"; };
		D99B6A11139B3A9F00808AC0 /* QuartzCore.framework */ = {isa = PBXFileReference; lastKnownFileType = wrapper.framework; name = QuartzCore.framework; path = System/Library/Frameworks/QuartzCore.framework; sourceTree = SDKROOT; };
/* End PBXFileReference section */

/* Begin PBXFrameworksBuildPhase section */
		D99B69E3139B399A00808AC0 /* Frameworks */ = {
			isa = PBXFrameworksBuildPhase;
			buildActionMask = 2147483647;
			files = (
				D99B6A12139B3A9F00808AC0 /* QuartzCore.framework in Frameworks */,
				D99B69EB139B399A00808AC0 /* UIKit.framework in Frameworks */,
				D99B69ED139B399A00808AC0 /* Foundation.framework in Frameworks */,
				D99B69EF139B399A00808AC0 /* CoreGraphics.framework in Frameworks */,
			);
			runOnlyForDeploymentPostprocessing = 0;
		};
/* End PBXFrameworksBuildPhase section */

/* Begin PBXGroup section */
		D99B69DB139B399A00808AC0 = {
			isa = PBXGroup;
			children = (
				D99B6A11139B3A9F00808AC0 /* QuartzCore.framework */,
				D99B6A0A139B3A6000808AC0 /* images */,
				D99B69F0139B399A00808AC0 /* animate-test */,
				D99B69E9139B399A00808AC0 /* Frameworks */,
				D99B69E7139B399A00808AC0 /* Products */,
			);
			sourceTree = "<group>";
		};
		D99B69E7139B399A00808AC0 /* Products */ = {
			isa = PBXGroup;
			children = (
				D99B69E6139B399A00808AC0 /* animate-test.app */,
			);
			name = Products;
			sourceTree = "<group>";
		};
		D99B69E9139B399A00808AC0 /* Frameworks */ = {
			isa = PBXGroup;
			children = (
				D99B69EA139B399A00808AC0 /* UIKit.framework */,
				D99B69EC139B399A00808AC0 /* Foundation.framework */,
				D99B69EE139B399A00808AC0 /* CoreGraphics.framework */,
			);
			name = Frameworks;
			sourceTree = "<group>";
		};
		D99B69F0139B399A00808AC0 /* animate-test */ = {
			isa = PBXGroup;
			children = (
				D99B69F9139B399A00808AC0 /* animate_testAppDelegate.h */,
				D99B69FA139B399A00808AC0 /* animate_testAppDelegate.m */,
				D99B69FC139B399A00808AC0 /* MainWindow.xib */,
				D99B69FF139B399A00808AC0 /* animate_testViewController.h */,
				D99B6A00139B399A00808AC0 /* animate_testViewController.m */,
				D99B6A02139B399A00808AC0 /* animate_testViewController.xib */,
				D99B69F1139B399A00808AC0 /* Supporting Files */,
			);
			path = "animate-test";
			sourceTree = "<group>";
		};
		D99B69F1139B399A00808AC0 /* Supporting Files */ = {
			isa = PBXGroup;
			children = (
				D99B69F2139B399A00808AC0 /* animate-test-Info.plist */,
				D99B69F3139B399A00808AC0 /* InfoPlist.strings */,
				D99B69F6139B399A00808AC0 /* animate-test-Prefix.pch */,
				D99B69F7139B399A00808AC0 /* main.m */,
			);
			name = "Supporting Files";
			sourceTree = "<group>";
		};
		D99B6A0A139B3A6000808AC0 /* images */ = {
			isa = PBXGroup;
			children = (
				D99B6A0B139B3A6A00808AC0 /* paper.png */,
				D99B6A0C139B3A6A00808AC0 /* spotlight.png */,
				D99B6A0D139B3A6A00808AC0 /* wrench.png */,
			);
			name = images;
			sourceTree = "<group>";
		};
/* End PBXGroup section */

/* Begin PBXNativeTarget section */
		D99B69E5139B399A00808AC0 /* animate-test */ = {
			isa = PBXNativeTarget;
			buildConfigurationList = D99B6A07139B399A00808AC0 /* Build configuration list for PBXNativeTarget "animate-test" */;
			buildPhases = (
				D99B69E2139B399A00808AC0 /* Sources */,
				D99B69E3139B399A00808AC0 /* Frameworks */,
				D99B69E4139B399A00808AC0 /* Resources */,
			);
			buildRules = (
			);
			dependencies = (
			);
			name = "animate-test";
			productName = "animate-test";
			productReference = D99B69E6139B399A00808AC0 /* animate-test.app */;
			productType = "com.apple.product-type.application";
		};
/* End PBXNativeTarget section */

/* Begin PBXProject section */
		D99B69DD139B399A00808AC0 /* Project object */ = {
			isa = PBXProject;
			buildConfigurationList = D99B69E0139B399A00808AC0 /* Build configuration list for PBXProject "animate-test" */;
			compatibilityVersion = "Xcode 3.2";
			developmentRegion = English;
			hasScannedForEncodings = 0;
			knownRegions = (
				en,
			);
			mainGroup = D99B69DB139B399A00808AC0;
			productRefGroup = D99B69E7139B399A00808AC0 /* Products */;
			projectDirPath = "";
			projectRoot = "";
			targets = (
				D99B69E5139B399A00808AC0 /* animate-test */,
			);
		};
/* End PBXProject section */

/* Begin PBXResourcesBuildPhase section */
		D99B69E4139B399A00808AC0 /* Resources */ = {
			isa = PBXResourcesBuildPhase;
			buildActionMask = 2147483647;
			files = (
				D99B69F5139B399A00808AC0 /* InfoPlist.strings in Resources */,
				D99B69FE139B399A00808AC0 /* MainWindow.xib in Resources */,
				D99B6A04139B399A00808AC0 /* animate_testViewController.xib in Resources */,
				D99B6A0E139B3A6A00808AC0 /* paper.png in Resources */,
				D99B6A0F139B3A6A00808AC0 /* spotlight.png in Resources */,
				D99B6A10139B3A6A00808AC0 /* wrench.png in Resources */,
			);
			runOnlyForDeploymentPostprocessing = 0;
		};
/* End PBXResourcesBuildPhase section */

/* Begin PBXSourcesBuildPhase section */
		D99B69E2139B399A00808AC0 /* Sources */ = {
			isa = PBXSourcesBuildPhase;
			buildActionMask = 2147483647;
			files = (
				D99B69F8139B399A00808AC0 /* main.m in Sources */,
				D99B69FB139B399A00808AC0 /* animate_testAppDelegate.m in Sources */,
				D99B6A01139B399A00808AC0 /* animate_testViewController.m in Sources */,
			);
			runOnlyForDeploymentPostprocessing = 0;
		};
/* End PBXSourcesBuildPhase section */

/* Begin PBXVariantGroup section */
		D99B69F3139B399A00808AC0 /* InfoPlist.strings */ = {
			isa = PBXVariantGroup;
			children = (
				D99B69F4139B399A00808AC0 /* en */,
			);
			name = InfoPlist.strings;
			sourceTree = "<group>";
		};
		D99B69FC139B399A00808AC0 /* MainWindow.xib */ = {
			isa = PBXVariantGroup;
			children = (
				D99B69FD139B399A00808AC0 /* en */,
			);
			name = MainWindow.xib;
			sourceTree = "<group>";
		};
		D99B6A02139B399A00808AC0 /* animate_testViewController.xib */ = {
			isa = PBXVariantGroup;
			children = (
				D99B6A03139B399A00808AC0 /* en */,
			);
			name = animate_testViewController.xib;
			sourceTree = "<group>";
		};
/* End PBXVariantGroup section */

/* Begin XCBuildConfiguration section */
		D99B6A05139B399A00808AC0 /* Debug */ = {
			isa = XCBuildConfiguration;
			buildSettings = {
				ARCHS = "$(ARCHS_UNIVERSAL_IPHONE_OS)";
				"CODE_SIGN_IDENTITY[sdk=iphoneos*]" = "iPhone Developer";
				GCC_C_LANGUAGE_STANDARD = gnu99;
				GCC_OPTIMIZATION_LEVEL = 0;
				GCC_PREPROCESSOR_DEFINITIONS = DEBUG;
				GCC_SYMBOLS_PRIVATE_EXTERN = NO;
				GCC_VERSION = com.apple.compilers.llvmgcc42;
				GCC_WARN_ABOUT_RETURN_TYPE = YES;
				GCC_WARN_UNUSED_VARIABLE = YES;
				IPHONEOS_DEPLOYMENT_TARGET = 4.3;
				SDKROOT = iphoneos;
				TARGETED_DEVICE_FAMILY = 2;
			};
			name = Debug;
		};
		D99B6A06139B399A00808AC0 /* Release */ = {
			isa = XCBuildConfiguration;
			buildSettings = {
				ARCHS = "$(ARCHS_UNIVERSAL_IPHONE_OS)";
				"CODE_SIGN_IDENTITY[sdk=iphoneos*]" = "iPhone Developer";
				GCC_C_LANGUAGE_STANDARD = gnu99;
				GCC_VERSION = com.apple.compilers.llvmgcc42;
				GCC_WARN_ABOUT_RETURN_TYPE = YES;
				GCC_WARN_UNUSED_VARIABLE = YES;
				IPHONEOS_DEPLOYMENT_TARGET = 4.3;
				OTHER_CFLAGS = "-DNS_BLOCK_ASSERTIONS=1";
				SDKROOT = iphoneos;
				TARGETED_DEVICE_FAMILY = 2;
			};
			name = Release;
		};
		D99B6A08139B399A00808AC0 /* Debug */ = {
			isa = XCBuildConfiguration;
			buildSettings = {
				ALWAYS_SEARCH_USER_PATHS = NO;
				COPY_PHASE_STRIP = NO;
				GCC_DYNAMIC_NO_PIC = NO;
				GCC_PRECOMPILE_PREFIX_HEADER = YES;
				GCC_PREFIX_HEADER = "animate-test/animate-test-Prefix.pch";
				INFOPLIST_FILE = "animate-test/animate-test-Info.plist";
				PRODUCT_NAME = "$(TARGET_NAME)";
				WRAPPER_EXTENSION = app;
			};
			name = Debug;
		};
		D99B6A09139B399A00808AC0 /* Release */ = {
			isa = XCBuildConfiguration;
			buildSettings = {
				ALWAYS_SEARCH_USER_PATHS = NO;
				COPY_PHASE_STRIP = YES;
				GCC_PRECOMPILE_PREFIX_HEADER = YES;
				GCC_PREFIX_HEADER = "animate-test/animate-test-Prefix.pch";
				INFOPLIST_FILE = "animate-test/animate-test-Info.plist";
				PRODUCT_NAME = "$(TARGET_NAME)";
				VALIDATE_PRODUCT = YES;
				WRAPPER_EXTENSION = app;
			};
			name = Release;
		};
/* End XCBuildConfiguration section */

/* Begin XCConfigurationList section */
		D99B69E0139B399A00808AC0 /* Build configuration list for PBXProject "animate-test" */ = {
			isa = XCConfigurationList;
			buildConfigurations = (
				D99B6A05139B399A00808AC0 /* Debug */,
				D99B6A06139B399A00808AC0 /* Release */,
			);
			defaultConfigurationIsVisible = 0;
			defaultConfigurationName = Release;
		};
		D99B6A07139B399A00808AC0 /* Build configuration list for PBXNativeTarget "animate-test" */ = {
			isa = XCConfigurationList;
			buildConfigurations = (
				D99B6A08139B399A00808AC0 /* Debug */,
				D99B6A09139B399A00808AC0 /* Release */,
			);
			defaultConfigurationIsVisible = 0;
		};
/* End XCConfigurationList section */
	};
	rootObject = D99B69DD139B399A00808AC0 /* Project object */;
}
